
Microsoft Visual Studio Solution File, Format Version 12.00
# Visual Studio Version 16
VisualStudioVersion = 16.0.34031.81
MinimumVisualStudioVersion = 10.0.40219.1
Project("{FAE04EC0-301F-11D3-BF4B-00C04F79EFBC}") = "Tutorial1", "Tutorial1\Tutorial1.csproj", "{3F0A8050-EAF8-4113-AF9C-6930CE27DDBC}"
EndProject
Global
	GlobalSection(SolutionConfigurationPlatforms) = preSolution
		Debug|Any CPU = Debug|Any CPU
		Release|Any CPU = Release|Any CPU
	EndGlobalSection
	GlobalSection(ProjectConfigurationPlatforms) = postSolution
		{3F0A8050-EAF8-4113-AF9C-6930CE27DDBC}.Debug|Any CPU.ActiveCfg = Debug|Any CPU
		{3F0A8050-EAF8-4113-AF9C-6930CE27DDBC}.Debug|Any CPU.Build.0 = Debug|Any CPU
		{3F0A8050-EAF8-4113-AF9C-6930CE27DDBC}.Release|Any CPU.ActiveCfg = Release|Any CPU
		{3F0A8050-EAF8-4113-AF9C-6930CE27DDBC}.Release|Any CPU.Build.0 = Release|Any CPU
	EndGlobalSection
	GlobalSection(SolutionProperties) = preSolution
		HideSolutionNode = FALSE
	EndGlobalSection
	GlobalSection(ExtensibilityGlobals) = postSolution
		SolutionGuid = {3126C598-BC95-4C81-92FB-5B51CB0D4B7C}
	EndGlobalSection
EndGlobal
